# bun.lock v1

react@19.0.0:
  version: 19.0.0
  resolved: https://registry.npmjs.org/react/-/react-19.0.0.tgz
  integrity: sha512-l5+l9+lQ0/rT29jQwdmjf+y/yWl5Q7e+v0xYvj/yL/l5+l9+lQ0/rT29jQwdmjf+y/yWl5Q7e+v0xYvj/yL/g==

react-dom@19.0.0:
  version: 19.0.0
  resolved: https://registry.npmjs.org/react-dom/-/react-dom-19.0.0.tgz
  integrity: sha512-l5+l9+lQ0/rT29jQwdmjf+y/yWl5Q7e+v0xYvj/yL/l5+l9+lQ0/rT29jQwdmjf+y/yWl5Q7e+v0xYvj/yL/g==
  dependencies:
    scheduler: ^0.4.0

next@15.1.6:
  version: 15.1.6
  resolved: https://registry.npmjs.org/next/-/next-15.1.6.tgz
  integrity: sha512-l5+l9+lQ0/rT29jQwdmjf+y/yWl5Q7e+v0xYvj/yL/l5+l9+lQ0/rT29jQwdmjf+y/yWl5Q7e+v0xYvj/yL/g==
  dependencies:
    '@babel/runtime': 7.24.1
    '@next/env': 15.1.6
    '@next/swc-darwin-arm64': 14.3.3
    '@next/swc-linux-arm64-gnu': 14.3.3
    '@next/swc-linux-arm64-musl': 14.3.3
    '@next/swc-linux-x64-gnu': 14.3.3
    '@next/swc-win32-x64-msvc': 14.3.3
    '@opentelemetry/api': 1.8.0
    '@swc/helpers': 0.5.8
    '@vercel/nft': 0.31.1
    'ansi-regex': 6.0.1
    'async-sema': 3.1.1
    'autoprefixer': 10.4.19
    'browserslist': 4.23.0
    'bytes': 3.1.2
    'callsites': 4.0.0
    'caniuse-lite': 1.0.30015742
    'chalk': 5.3.0
    'ci-info': 4.0.0
    'client-only': 0.1.6
    'cliui': 9.0.0
    'color-name': 1.1.4
    'colorette': 2.0.20
    'compression': 1.7.4
    'content-disposition': 0.5.4
    'content-type': 1.0.5
    'cookie': 0.6.0
    'css-loader': 6.11.0
    'cssesc': 3.0.0
    'csstype': 3.3.0
    'devalue': 4.3.2
    'diagnostics_channel': 2.1.0
    'diff': 5.1.0
    'edge-runtime': 1.1.2
    'emitter-sturdy': 4.0.2
    'encoding': 0.1.13
    'es-module-lexer': 1.4.1
    'escalade': 3.1.1
    'eslint-config-next': 15.1.6
    'etag': 1.8.1
    'event-target-shim': 6.0.2
    'fill-range': 7.0.1
    'find-up': 6.3.0
    'flat': 5.0.2
    'flatted': 3.3.0
    'form-data': 4.0.0
    'fraction.js': 4.3.6
    'fresh': 0.5.2
    ' फुर्तीला ': 1.0.0
    'get-caller-file': 2.0.5
    'get-intrinsic': 1.3.4
    'glob-parent': 6.0.2
    'glob': 10.0.0
    'globals': 14.0.0
    'gzip-size': 7.0.0
    'has-flag': 5.1.0
    'http-errors': 2.0.0
    'ignore-by-default': 7.0.1
    'image-size': 1.2.1
    'import-fresh': 3.3.0
    'is-binary-path': 2.1.0
    'is-docker': 3.0.0
    'is-extglob': 3.0.0
    'is-glob': 5.0.1
    'is-plain-obj': 4.1.0
    'is-unicode-supported': 3.0.0
    'jackspeak': 2.3.4
    'js-tokens': 4.0.0
    'json5': 2.2.3
    'jsonwebtoken': 9.0.2
    'jiti': 1.22.4
    'kleur': 4.1.5
    'loader-runner': 4.3.0
    'lodash.debounce': 4.0.8
    'longest-streak': 1.1.0
    'lru-cache': 10.2.0
    'media-ranges': 4.0.0
    'merge-props': 3.0.1
    'micromatch': 4.0.5
    'mime-db': 1.52.0
    'mime-types': 2.1.36
    'nanoid': 5.0.6
    'negotiator': 0.6.3
    'node-fetch': 3.3.2
    'node-gyp': 10.0.1
    'node-releases': 3.0.4
    'normalize-path': 3.0.0
    'object-assign': 4.1.1
    'object-hash': 3.0.0
    'p-limit': 4.0.0
    'p-retry': 4.1.0
    'parent-module': 2.0.1
    'parse-json': 5.2.0
    'path-browserify': 1.0.1
    'path-match': 1.2.5
    'path-parse': 1.0.7
    'path-scurry': 1.11.0
    'path-to-regexp': 6.3.2
    'picocolors': 1.0.0
    'postcss-import': 16.0.1
    'postcss-js': 4.0.1
    'postcss-load-config': 5.0.1
    'postcss-nested': 7.0.1
    'postcss-selector-parser': 7.0.0-rc.3
    'postcss-value-parser': 6.0.3
    'postcss': 8.4.38
    'prop-types': 15.8.1
    'raw-body': 2.5.2
    'read-pkg-up': 9.1.0
    'readdir-scoped-modules': 2.1.0
    'recast': 0.23.4
    'resolve': 1.29.0
    'restore-cursor': 5.0.1
    'rimraf': 5.0.5
    'run-parallel': 1.2.0
    'safe-buffer': 5.2.1
    'safer-buffer': 2.1.2
    'scheduler': 0.4.7
    'semver': 7.6.0
    'send': 0.18.0
    'server-only': 0.0.1
    'sharp': 0.33.2
    'shebang-command': 2.0.0
    'shell-quote': 1.8.1
    'side-channel': 1.0.4
    'source-map': 0.9.0
    'source-map-js': 2.0.4
    'stack-trace': 1.1.1
    'supports-color': 9.2.3
    'supports-hyperlinks': 3.0.0
    'sucrase': 3.35.0
    'strip-ansi': 7.1.0
    'strip-json-comments': 5.0.0
    'string-hash': 1.1.3
    'string-width': 5.1.0
    'styled-jsx': 5.1.4
    'supports-preserve-symlinks-flag': 2.0.0
    'tar': 6.2.1
    'tailwindcss': 3.4.1
    'terminal-size': 4.0.0
    'through': 2.3.8
    'tiny-invariant': 1.3.1
    'to-regex-range': 5.0.1
    'toidentifier': 1.0.1
    'ts-debounce': 4.0.0
    'tsconfig-paths': 4.3.0
    'tslib': 2.6.2
    'type-fest': 4.12.0
    'unpipe': 1.0.0
    'util-deprecate': 1.0.2
    'v8-compile-cache-lib': 3.0.1
    'varint': 7.1.1
    'vfile': 7.0.1
    'vfile-message': 3.0.1
    'w3c-blob': 2.1.1
    'w3c-xmlserializer': 2.0.0
    'watchpack': 2.4.0
    'web-encoding': 1.2.0
    'webpack-config': 7.5.0
    'webpack-sources': 3.2.3
    'word-wrap': 1.2.5
    'wrap-ansi': 8.1.0
    'xdg-basedir': 5.0.0
    'xml-name': 5.0.0
    'y18n': 5.0.8
    'yargs-parser': 21.1.1
    'yargs': 19.0.0

next-env.d.ts:
  version: 0.0.0
  resolved: phantomjs://error404

next.config.ts:
  version: 0.0.0
  resolved: phantomjs://error404

package.json:
  version: 0.1.0
  private: true
  scripts:
    dev: next dev --turbopack
    build: next build
    start: next start
    lint: next lint
  dependencies:
    next: 15.1.6
    react: ^19.0.0
    react-dom: ^19.0.0
  devDependencies:
    '@types/node': ^20
    '@types/react': ^19
    '@types/react-dom': ^19
    autoprefixer: ^10
    postcss: ^8
    tailwindcss: ^3.4.1
    typescript: ^5

postcss.config.mjs:
  version: 0.0.0
  resolved: phantomjs://error404
  dependencies:
    autoprefixer: ^10.0.1
    postcss-nested: ^7.0.1
    tailwindcss: {}

README.md:
  version: 0.0.0
  resolved: phantomjs://error404
  dependencies:
    error404-website: 0.1.0

tailwind.config.ts:
  version: 0.0.0
  resolved: phantomjs://error404
  dependencies:
    tailwindcss: {}

tsconfig.json:
  version: 0.0.0
  resolved: phantomjs://error404

app:
  favicon.ico:
    version: 0.0.0
    resolved: phantomjs://error404
  globals.css:
    version: 0.0.0
    resolved: phantomjs://error404
  layout.tsx:
    version: 0.0.0
    resolved: phantomjs://error404
  page.module.css:
    version: 0.0.0
    resolved: phantomjs://error404
  page.tsx:
    version: 0.0.0
    resolved: phantomjs://error404

public:
  file.svg:
    version: 0.0.0
    resolved: phantomjs://error404
  globe.svg:
    version: 0.0.0
    resolved: phantomjs://error404
  next.svg:
    version: 0.0.0
    resolved: phantomjs://error404
  vercel.svg:
    version: 0.0.0
    resolved: phantomjs://error404
  window.svg:
    version: 0.0.0
    resolved: phantomjs://error404

